
Microsoft Visual Studio Solution File, Format Version 12.00
# Visual Studio Version 17
VisualStudioVersion = 17.8.34525.116
MinimumVisualStudioVersion = 10.0.40219.1
Project("{FAE04EC0-301F-11D3-BF4B-00C04F79EFBC}") = "kalkulator", "kalkulator\kalkulator.csproj", "{46319A5C-FF99-45ED-8C17-E6B2408A504C}"
EndProject
Global
	GlobalSection(SolutionConfigurationPlatforms) = preSolution
		Debug|Any CPU = Debug|Any CPU
		Release|Any CPU = Release|Any CPU
	EndGlobalSection
	GlobalSection(ProjectConfigurationPlatforms) = postSolution
		{46319A5C-FF99-45ED-8C17-E6B2408A504C}.Debug|Any CPU.ActiveCfg = Debug|Any CPU
		{46319A5C-FF99-45ED-8C17-E6B2408A504C}.Debug|Any CPU.Build.0 = Debug|Any CPU
		{46319A5C-FF99-45ED-8C17-E6B2408A504C}.Release|Any CPU.ActiveCfg = Release|Any CPU
		{46319A5C-FF99-45ED-8C17-E6B2408A504C}.Release|Any CPU.Build.0 = Release|Any CPU
	EndGlobalSection
	GlobalSection(SolutionProperties) = preSolution
		HideSolutionNode = FALSE
	EndGlobalSection
	GlobalSection(ExtensibilityGlobals) = postSolution
		SolutionGuid = {06751D91-F6CF-4085-8304-B52FA8132756}
	EndGlobalSection
EndGlobal
